
Microsoft Visual Studio Solution File, Format Version 12.00
# Visual Studio Version 17
VisualStudioVersion = 17.9.34310.174
MinimumVisualStudioVersion = 10.0.40219.1
Project("{9A19103F-16F7-4668-BE54-9A1E7A4F7556}") = "Danbooru.ApiWrapper", "Danbooru.ApiWrapper\Danbooru.ApiWrapper.csproj", "{AD8A7224-C827-4015-8A07-706504C0E3EB}"
EndProject
Project("{9A19103F-16F7-4668-BE54-9A1E7A4F7556}") = "Danbooru.UI", "Danbooru.UI\Danbooru.UI\Danbooru.UI.csproj", "{70ADF2F8-A036-40C4-9EEB-0312C0244D78}"
EndProject
Project("{9A19103F-16F7-4668-BE54-9A1E7A4F7556}") = "Danbooru.UI.Client", "Danbooru.UI\Danbooru.UI.Client\Danbooru.UI.Client.csproj", "{000F819B-7513-4035-9EAA-B62AF0756CE5}"
EndProject
Global
	GlobalSection(SolutionConfigurationPlatforms) = preSolution
		Debug|Any CPU = Debug|Any CPU
		Release|Any CPU = Release|Any CPU
	EndGlobalSection
	GlobalSection(ProjectConfigurationPlatforms) = postSolution
		{AD8A7224-C827-4015-8A07-706504C0E3EB}.Debug|Any CPU.ActiveCfg = Debug|Any CPU
		{AD8A7224-C827-4015-8A07-706504C0E3EB}.Debug|Any CPU.Build.0 = Debug|Any CPU
		{AD8A7224-C827-4015-8A07-706504C0E3EB}.Release|Any CPU.ActiveCfg = Release|Any CPU
		{AD8A7224-C827-4015-8A07-706504C0E3EB}.Release|Any CPU.Build.0 = Release|Any CPU
		{70ADF2F8-A036-40C4-9EEB-0312C0244D78}.Debug|Any CPU.ActiveCfg = Debug|Any CPU
		{70ADF2F8-A036-40C4-9EEB-0312C0244D78}.Debug|Any CPU.Build.0 = Debug|Any CPU
		{70ADF2F8-A036-40C4-9EEB-0312C0244D78}.Release|Any CPU.ActiveCfg = Release|Any CPU
		{70ADF2F8-A036-40C4-9EEB-0312C0244D78}.Release|Any CPU.Build.0 = Release|Any CPU
		{000F819B-7513-4035-9EAA-B62AF0756CE5}.Debug|Any CPU.ActiveCfg = Debug|Any CPU
		{000F819B-7513-4035-9EAA-B62AF0756CE5}.Debug|Any CPU.Build.0 = Debug|Any CPU
		{000F819B-7513-4035-9EAA-B62AF0756CE5}.Release|Any CPU.ActiveCfg = Release|Any CPU
		{000F819B-7513-4035-9EAA-B62AF0756CE5}.Release|Any CPU.Build.0 = Release|Any CPU
	EndGlobalSection
	GlobalSection(SolutionProperties) = preSolution
		HideSolutionNode = FALSE
	EndGlobalSection
	GlobalSection(ExtensibilityGlobals) = postSolution
		SolutionGuid = {AADAA1B4-6EBB-4EBA-BA1F-1B151B566A5B}
	EndGlobalSection
EndGlobal
